
Microsoft Visual Studio Solution File, Format Version 12.00
# Visual Studio Version 17
VisualStudioVersion = 17.6.33829.357
MinimumVisualStudioVersion = 10.0.40219.1
Project("{FAE04EC0-301F-11D3-BF4B-00C04F79EFBC}") = "ImageRecognitionApp", "ImageRecognitionApp\ImageRecognitionApp.csproj", "{65261339-486E-4D50-89C8-4A78DEA20921}"
EndProject
Global
	GlobalSection(SolutionConfigurationPlatforms) = preSolution
		Debug|Any CPU = Debug|Any CPU
		Debug|x64 = Debug|x64
		Release|Any CPU = Release|Any CPU
		Release|x64 = Release|x64
	EndGlobalSection
	GlobalSection(ProjectConfigurationPlatforms) = postSolution
		{65261339-486E-4D50-89C8-4A78DEA20921}.Debug|Any CPU.ActiveCfg = Debug|Any CPU
		{65261339-486E-4D50-89C8-4A78DEA20921}.Debug|Any CPU.Build.0 = Debug|Any CPU
		{65261339-486E-4D50-89C8-4A78DEA20921}.Debug|x64.ActiveCfg = Debug|x64
		{65261339-486E-4D50-89C8-4A78DEA20921}.Debug|x64.Build.0 = Debug|x64
		{65261339-486E-4D50-89C8-4A78DEA20921}.Release|Any CPU.ActiveCfg = Release|Any CPU
		{65261339-486E-4D50-89C8-4A78DEA20921}.Release|Any CPU.Build.0 = Release|Any CPU
		{65261339-486E-4D50-89C8-4A78DEA20921}.Release|x64.ActiveCfg = Release|x64
		{65261339-486E-4D50-89C8-4A78DEA20921}.Release|x64.Build.0 = Release|x64
	EndGlobalSection
	GlobalSection(SolutionProperties) = preSolution
		HideSolutionNode = FALSE
	EndGlobalSection
	GlobalSection(ExtensibilityGlobals) = postSolution
		SolutionGuid = {B279650B-5312-4580-9437-BC52235A6441}
	EndGlobalSection
EndGlobal
